{
  "name": "swagger-interpretator",
  "version": "0.0.1",
  "lockfileVersion": 1,
  "requires": true,
  "dependencies": {
    "explained-quartet": {
      "version": "0.0.5",
      "resolved": "https://registry.npmjs.org/explained-quartet/-/explained-quartet-0.0.5.tgz",
      "integrity": "sha512-8yXvigEuxnOmteCMzSkBv0LOcQTHQ9+ZwxLcvO1xdDSOCUN+SxVfCol65M2t7W+kVZOUKtgwhaU2MGoXdA829Q==",
      "requires": {
        "quartet": "^7.0.4"
      }
    },
    "js-bfs": {
      "version": "1.0.1",
      "resolved": "https://registry.npmjs.org/js-bfs/-/js-bfs-1.0.1.tgz",
      "integrity": "sha512-IeP8aFG0LAQnrX12Kffd8bv6dO1oJx4htjqXG7FWNnNDDz1DMH5bK6dEUNP+hjHv+4ItywvQyDIhw3K6QETNMw=="
    },
    "quartet": {
      "version": "7.0.4",
      "resolved": "https://registry.npmjs.org/quartet/-/quartet-7.0.4.tgz",
      "integrity": "sha512-1C8NedkhlHdUXZUcNxZqAjekj8sFECt4y1+LYnoGKedhyEthAJaPRRkXLLt+NbUglMoJIFJJa2FT1NncFh9ctw=="
    },
    "ramda": {
      "version": "0.26.1",
      "resolved": "https://registry.npmjs.org/ramda/-/ramda-0.26.1.tgz",
      "integrity": "sha512-hLWjpy7EnsDBb0p+Z3B7rPi3GDeRG5ZtiI33kJhTt+ORCd38AbAIjB/9zRIUoeTbE/AVX5ZkU7m6bznsvrf8eQ=="
    }
  }
}
